// !$*UTF8*$!
{
	archiveVersion = 1;
	classes = {
	};
	objectVersion = 51;
	objects = {

/* Begin PBXBuildFile section */
		037B1B9E3230DA87AEBF8EDC /* Pods_CarroTests.framework in Frameworks */ = {isa = PBXBuildFile; fileRef = 670CFB9A50F9B53999805057 /* Pods_CarroTests.framework */; };
		049DB35F2578CA82004408EF /* AppDelegate.swift in Sources */ = {isa = PBXBuildFile; fileRef = 049DB35E2578CA82004408EF /* AppDelegate.swift */; };
		049DB3632578CA82004408EF /* ViewController.swift in Sources */ = {isa = PBXBuildFile; fileRef = 049DB3622578CA82004408EF /* ViewController.swift */; };
		049DB3762578CA84004408EF /* CarroTests.swift in Sources */ = {isa = PBXBuildFile; fileRef = 049DB3752578CA84004408EF /* CarroTests.swift */; };
		049DB3812578CA84004408EF /* CarroUITests.swift in Sources */ = {isa = PBXBuildFile; fileRef = 049DB3802578CA84004408EF /* CarroUITests.swift */; };
		049DB3B82578CD8E004408EF /* Assets.xcassets in Resources */ = {isa = PBXBuildFile; fileRef = 049DB3B32578CD8E004408EF /* Assets.xcassets */; };
		049DB3B92578CD8E004408EF /* LaunchScreen.storyboard in Resources */ = {isa = PBXBuildFile; fileRef = 049DB3B42578CD8E004408EF /* LaunchScreen.storyboard */; };
		049DB3BA2578CD8E004408EF /* Main.storyboard in Resources */ = {isa = PBXBuildFile; fileRef = 049DB3B62578CD8E004408EF /* Main.storyboard */; };
		049DB3C42578CDE7004408EF /* resourceData.json in Resources */ = {isa = PBXBuildFile; fileRef = 049DB3C32578CDE7004408EF /* resourceData.json */; };
		049DB3D12578CDFC004408EF /* LNBubbleViewController.swift in Sources */ = {isa = PBXBuildFile; fileRef = 049DB3D02578CDFC004408EF /* LNBubbleViewController.swift */; };
		049DB3D62578CE03004408EF /* Target.swift in Sources */ = {isa = PBXBuildFile; fileRef = 049DB3D52578CE03004408EF /* Target.swift */; };
		049DB3DE2578CE1A004408EF /* LNDateTools.swift in Sources */ = {isa = PBXBuildFile; fileRef = 049DB3DB2578CE1A004408EF /* LNDateTools.swift */; };
		049DB3DF2578CE1A004408EF /* LNButton.swift in Sources */ = {isa = PBXBuildFile; fileRef = 049DB3DD2578CE1A004408EF /* LNButton.swift */; };
		049DB3E42578CE22004408EF /* LNColorTools.swift in Sources */ = {isa = PBXBuildFile; fileRef = 049DB3E32578CE22004408EF /* LNColorTools.swift */; };
		049DB3FA2578CF6F004408EF /* LNNavigationController.swift in Sources */ = {isa = PBXBuildFile; fileRef = 049DB3F72578CF6F004408EF /* LNNavigationController.swift */; };
		049DB3FB2578CF6F004408EF /* LNBaseViewController.swift in Sources */ = {isa = PBXBuildFile; fileRef = 049DB3F82578CF6F004408EF /* LNBaseViewController.swift */; };
		049DB3FC2578CF6F004408EF /* LNBaseModel.swift in Sources */ = {isa = PBXBuildFile; fileRef = 049DB3F92578CF6F004408EF /* LNBaseModel.swift */; };
		049DB4042578CFB7004408EF /* LResponseModel.swift in Sources */ = {isa = PBXBuildFile; fileRef = 049DB4032578CFB7004408EF /* LResponseModel.swift */; };
		049DB4092578CFD7004408EF /* LNCarDetailViewController.swift in Sources */ = {isa = PBXBuildFile; fileRef = 049DB4082578CFD7004408EF /* LNCarDetailViewController.swift */; };
		049DB40E2578CFF0004408EF /* AppTools.swift in Sources */ = {isa = PBXBuildFile; fileRef = 049DB40D2578CFF0004408EF /* AppTools.swift */; };
		7C10345EF7409CA7F7B28533 /* Pods_Carro.framework in Frameworks */ = {isa = PBXBuildFile; fileRef = 11F12DA5A3A66B6A1A685855 /* Pods_Carro.framework */; };
		B880676CED7F842ABE605345 /* Pods_Carro_CarroUITests.framework in Frameworks */ = {isa = PBXBuildFile; fileRef = E3DA2A84837D3C4816C095AD /* Pods_Carro_CarroUITests.framework */; };
/* End PBXBuildFile section */

/* Begin PBXContainerItemProxy section */
		049DB3722578CA84004408EF /* PBXContainerItemProxy */ = {
			isa = PBXContainerItemProxy;
			containerPortal = 049DB3532578CA81004408EF /* Project object */;
			proxyType = 1;
			remoteGlobalIDString = 049DB35A2578CA82004408EF;
			remoteInfo = Carro;
		};
		049DB37D2578CA84004408EF /* PBXContainerItemProxy */ = {
			isa = PBXContainerItemProxy;
			containerPortal = 049DB3532578CA81004408EF /* Project object */;
			proxyType = 1;
			remoteGlobalIDString = 049DB35A2578CA82004408EF;
			remoteInfo = Carro;
		};
/* End PBXContainerItemProxy section */

/* Begin PBXFileReference section */
		049DB35B2578CA82004408EF /* Carro.app */ = {isa = PBXFileReference; explicitFileType = wrapper.application; includeInIndex = 0; path = Carro.app; sourceTree = BUILT_PRODUCTS_DIR; };
		049DB35E2578CA82004408EF /* AppDelegate.swift */ = {isa = PBXFileReference; lastKnownFileType = sourcecode.swift; path = AppDelegate.swift; sourceTree = "<group>"; };
		049DB3622578CA82004408EF /* ViewController.swift */ = {isa = PBXFileReference; lastKnownFileType = sourcecode.swift; path = ViewController.swift; sourceTree = "<group>"; };
		049DB36C2578CA84004408EF /* Info.plist */ = {isa = PBXFileReference; lastKnownFileType = text.plist.xml; path = Info.plist; sourceTree = "<group>"; };
		049DB3712578CA84004408EF /* CarroTests.xctest */ = {isa = PBXFileReference; explicitFileType = wrapper.cfbundle; includeInIndex = 0; path = CarroTests.xctest; sourceTree = BUILT_PRODUCTS_DIR; };
		049DB3752578CA84004408EF /* CarroTests.swift */ = {isa = PBXFileReference; lastKnownFileType = sourcecode.swift; path = CarroTests.swift; sourceTree = "<group>"; };
		049DB3772578CA84004408EF /* Info.plist */ = {isa = PBXFileReference; lastKnownFileType = text.plist.xml; path = Info.plist; sourceTree = "<group>"; };
		049DB37C2578CA84004408EF /* CarroUITests.xctest */ = {isa = PBXFileReference; explicitFileType = wrapper.cfbundle; includeInIndex = 0; path = CarroUITests.xctest; sourceTree = BUILT_PRODUCTS_DIR; };
		049DB3802578CA84004408EF /* CarroUITests.swift */ = {isa = PBXFileReference; lastKnownFileType = sourcecode.swift; path = CarroUITests.swift; sourceTree = "<group>"; };
		049DB3822578CA84004408EF /* Info.plist */ = {isa = PBXFileReference; lastKnownFileType = text.plist.xml; path = Info.plist; sourceTree = "<group>"; };
		049DB3B32578CD8E004408EF /* Assets.xcassets */ = {isa = PBXFileReference; lastKnownFileType = folder.assetcatalog; path = Assets.xcassets; sourceTree = "<group>"; };
		049DB3B52578CD8E004408EF /* Base */ = {isa = PBXFileReference; lastKnownFileType = file.storyboard; name = Base; path = Base.lproj/LaunchScreen.storyboard; sourceTree = "<group>"; };
		049DB3B72578CD8E004408EF /* Base */ = {isa = PBXFileReference; lastKnownFileType = file.storyboard; name = Base; path = Base.lproj/Main.storyboard; sourceTree = "<group>"; };
		049DB3C32578CDE7004408EF /* resourceData.json */ = {isa = PBXFileReference; fileEncoding = 4; lastKnownFileType = text.json; path = resourceData.json; sourceTree = "<group>"; };
		049DB3D02578CDFC004408EF /* LNBubbleViewController.swift */ = {isa = PBXFileReference; fileEncoding = 4; lastKnownFileType = sourcecode.swift; path = LNBubbleViewController.swift; sourceTree = "<group>"; };
		049DB3D52578CE03004408EF /* Target.swift */ = {isa = PBXFileReference; fileEncoding = 4; lastKnownFileType = sourcecode.swift; path = Target.swift; sourceTree = "<group>"; };
		049DB3DB2578CE1A004408EF /* LNDateTools.swift */ = {isa = PBXFileReference; fileEncoding = 4; lastKnownFileType = sourcecode.swift; path = LNDateTools.swift; sourceTree = "<group>"; };
		049DB3DD2578CE1A004408EF /* LNButton.swift */ = {isa = PBXFileReference; fileEncoding = 4; lastKnownFileType = sourcecode.swift; path = LNButton.swift; sourceTree = "<group>"; };
		049DB3E32578CE22004408EF /* LNColorTools.swift */ = {isa = PBXFileReference; fileEncoding = 4; lastKnownFileType = sourcecode.swift; path = LNColorTools.swift; sourceTree = "<group>"; };
		049DB3F72578CF6F004408EF /* LNNavigationController.swift */ = {isa = PBXFileReference; fileEncoding = 4; lastKnownFileType = sourcecode.swift; path = LNNavigationController.swift; sourceTree = "<group>"; };
		049DB3F82578CF6F004408EF /* LNBaseViewController.swift */ = {isa = PBXFileReference; fileEncoding = 4; lastKnownFileType = sourcecode.swift; path = LNBaseViewController.swift; sourceTree = "<group>"; };
		049DB3F92578CF6F004408EF /* LNBaseModel.swift */ = {isa = PBXFileReference; fileEncoding = 4; lastKnownFileType = sourcecode.swift; path = LNBaseModel.swift; sourceTree = "<group>"; };
		049DB4032578CFB7004408EF /* LResponseModel.swift */ = {isa = PBXFileReference; fileEncoding = 4; lastKnownFileType = sourcecode.swift; path = LResponseModel.swift; sourceTree = "<group>"; };
		049DB4082578CFD7004408EF /* LNCarDetailViewController.swift */ = {isa = PBXFileReference; fileEncoding = 4; lastKnownFileType = sourcecode.swift; path = LNCarDetailViewController.swift; sourceTree = "<group>"; };
		049DB40D2578CFF0004408EF /* AppTools.swift */ = {isa = PBXFileReference; fileEncoding = 4; lastKnownFileType = sourcecode.swift; path = AppTools.swift; sourceTree = "<group>"; };
		11F12DA5A3A66B6A1A685855 /* Pods_Carro.framework */ = {isa = PBXFileReference; explicitFileType = wrapper.framework; includeInIndex = 0; path = Pods_Carro.framework; sourceTree = BUILT_PRODUCTS_DIR; };
		24B9E41DA4EABE5602F6ABEA /* Pods-Carro.release.xcconfig */ = {isa = PBXFileReference; includeInIndex = 1; lastKnownFileType = text.xcconfig; name = "Pods-Carro.release.xcconfig"; path = "Target Support Files/Pods-Carro/Pods-Carro.release.xcconfig"; sourceTree = "<group>"; };
		2A4AEC48F76C3FBC6CE04460 /* Pods-CarroTests.release.xcconfig */ = {isa = PBXFileReference; includeInIndex = 1; lastKnownFileType = text.xcconfig; name = "Pods-CarroTests.release.xcconfig"; path = "Target Support Files/Pods-CarroTests/Pods-CarroTests.release.xcconfig"; sourceTree = "<group>"; };
		2ABB1FE7335FF5522DDC2D27 /* Pods-Carro-CarroUITests.debug.xcconfig */ = {isa = PBXFileReference; includeInIndex = 1; lastKnownFileType = text.xcconfig; name = "Pods-Carro-CarroUITests.debug.xcconfig"; path = "Target Support Files/Pods-Carro-CarroUITests/Pods-Carro-CarroUITests.debug.xcconfig"; sourceTree = "<group>"; };
		4DF2A119871C43E96B7DE1F2 /* Pods-Carro-CarroUITests.release.xcconfig */ = {isa = PBXFileReference; includeInIndex = 1; lastKnownFileType = text.xcconfig; name = "Pods-Carro-CarroUITests.release.xcconfig"; path = "Target Support Files/Pods-Carro-CarroUITests/Pods-Carro-CarroUITests.release.xcconfig"; sourceTree = "<group>"; };
		4F175D861005A1B57A007E33 /* Pods-CarroTests.debug.xcconfig */ = {isa = PBXFileReference; includeInIndex = 1; lastKnownFileType = text.xcconfig; name = "Pods-CarroTests.debug.xcconfig"; path = "Target Support Files/Pods-CarroTests/Pods-CarroTests.debug.xcconfig"; sourceTree = "<group>"; };
		670CFB9A50F9B53999805057 /* Pods_CarroTests.framework */ = {isa = PBXFileReference; explicitFileType = wrapper.framework; includeInIndex = 0; path = Pods_CarroTests.framework; sourceTree = BUILT_PRODUCTS_DIR; };
		906628AD0CD3A5B2AEF7E833 /* Pods-Carro.debug.xcconfig */ = {isa = PBXFileReference; includeInIndex = 1; lastKnownFileType = text.xcconfig; name = "Pods-Carro.debug.xcconfig"; path = "Target Support Files/Pods-Carro/Pods-Carro.debug.xcconfig"; sourceTree = "<group>"; };
		E3DA2A84837D3C4816C095AD /* Pods_Carro_CarroUITests.framework */ = {isa = PBXFileReference; explicitFileType = wrapper.framework; includeInIndex = 0; path = Pods_Carro_CarroUITests.framework; sourceTree = BUILT_PRODUCTS_DIR; };
/* End PBXFileReference section */

/* Begin PBXFrameworksBuildPhase section */
		049DB3582578CA82004408EF /* Frameworks */ = {
			isa = PBXFrameworksBuildPhase;
			buildActionMask = 2147483647;
			files = (
				7C10345EF7409CA7F7B28533 /* Pods_Carro.framework in Frameworks */,
			);
			runOnlyForDeploymentPostprocessing = 0;
		};
		049DB36E2578CA84004408EF /* Frameworks */ = {
			isa = PBXFrameworksBuildPhase;
			buildActionMask = 2147483647;
			files = (
				037B1B9E3230DA87AEBF8EDC /* Pods_CarroTests.framework in Frameworks */,
			);
			runOnlyForDeploymentPostprocessing = 0;
		};
		049DB3792578CA84004408EF /* Frameworks */ = {
			isa = PBXFrameworksBuildPhase;
			buildActionMask = 2147483647;
			files = (
				B880676CED7F842ABE605345 /* Pods_Carro_CarroUITests.framework in Frameworks */,
			);
			runOnlyForDeploymentPostprocessing = 0;
		};
/* End PBXFrameworksBuildPhase section */

/* Begin PBXGroup section */
		049DB3522578CA81004408EF = {
			isa = PBXGroup;
			children = (
				049DB35D2578CA82004408EF /* Carro */,
				049DB3742578CA84004408EF /* CarroTests */,
				049DB37F2578CA84004408EF /* CarroUITests */,
				049DB35C2578CA82004408EF /* Products */,
				714E3B81876B484A7B0BA783 /* Pods */,
				21C8D4DAF43975150092B517 /* Frameworks */,
			);
			sourceTree = "<group>";
		};
		049DB35C2578CA82004408EF /* Products */ = {
			isa = PBXGroup;
			children = (
				049DB35B2578CA82004408EF /* Carro.app */,
				049DB3712578CA84004408EF /* CarroTests.xctest */,
				049DB37C2578CA84004408EF /* CarroUITests.xctest */,
			);
			name = Products;
			sourceTree = "<group>";
		};
		049DB35D2578CA82004408EF /* Carro */ = {
			isa = PBXGroup;
			children = (
				049DB3BE2578CDBA004408EF /* Pages */,
				049DB3BF2578CDBF004408EF /* Base */,
				049DB3C02578CDC4004408EF /* resource */,
				049DB3C22578CDD0004408EF /* Tools */,
				049DB3C12578CDC8004408EF /* Category */,
				049DB35E2578CA82004408EF /* AppDelegate.swift */,
				049DB3B22578CD8E004408EF /* Files */,
				049DB36C2578CA84004408EF /* Info.plist */,
			);
			path = Carro;
			sourceTree = "<group>";
		};
		049DB3742578CA84004408EF /* CarroTests */ = {
			isa = PBXGroup;
			children = (
				049DB3752578CA84004408EF /* CarroTests.swift */,
				049DB3772578CA84004408EF /* Info.plist */,
			);
			path = CarroTests;
			sourceTree = "<group>";
		};
		049DB37F2578CA84004408EF /* CarroUITests */ = {
			isa = PBXGroup;
			children = (
				049DB3802578CA84004408EF /* CarroUITests.swift */,
				049DB3822578CA84004408EF /* Info.plist */,
			);
			path = CarroUITests;
			sourceTree = "<group>";
		};
		049DB3B22578CD8E004408EF /* Files */ = {
			isa = PBXGroup;
			children = (
				049DB3B32578CD8E004408EF /* Assets.xcassets */,
				049DB3B42578CD8E004408EF /* LaunchScreen.storyboard */,
				049DB3B62578CD8E004408EF /* Main.storyboard */,
			);
			path = Files;
			sourceTree = "<group>";
		};
		049DB3BE2578CDBA004408EF /* Pages */ = {
			isa = PBXGroup;
			children = (
				049DB4022578CF9A004408EF /* controllers */,
				049DB4012578CF95004408EF /* models */,
				049DB4002578CF88004408EF /* views */,
			);
			path = Pages;
			sourceTree = "<group>";
		};
		049DB3BF2578CDBF004408EF /* Base */ = {
			isa = PBXGroup;
			children = (
				049DB3F92578CF6F004408EF /* LNBaseModel.swift */,
				049DB3F82578CF6F004408EF /* LNBaseViewController.swift */,
				049DB3F72578CF6F004408EF /* LNNavigationController.swift */,
			);
			path = Base;
			sourceTree = "<group>";
		};
		049DB3C02578CDC4004408EF /* resource */ = {
			isa = PBXGroup;
			children = (
				049DB3C32578CDE7004408EF /* resourceData.json */,
			);
			path = resource;
			sourceTree = "<group>";
		};
		049DB3C12578CDC8004408EF /* Category */ = {
			isa = PBXGroup;
			children = (
				049DB3E82578CE24004408EF /* Color */,
				049DB3DC2578CE1A004408EF /* Button */,
				049DB3DA2578CE1A004408EF /* Date */,
			);
			path = Category;
			sourceTree = "<group>";
		};
		049DB3C22578CDD0004408EF /* Tools */ = {
			isa = PBXGroup;
			children = (
				049DB40D2578CFF0004408EF /* AppTools.swift */,
				049DB3D52578CE03004408EF /* Target.swift */,
				049DB3CF2578CDFC004408EF /* Bubble */,
			);
			path = Tools;
			sourceTree = "<group>";
		};
		049DB3CF2578CDFC004408EF /* Bubble */ = {
			isa = PBXGroup;
			children = (
				049DB3D02578CDFC004408EF /* LNBubbleViewController.swift */,
			);
			path = Bubble;
			sourceTree = "<group>";
		};
		049DB3DA2578CE1A004408EF /* Date */ = {
			isa = PBXGroup;
			children = (
				049DB3DB2578CE1A004408EF /* LNDateTools.swift */,
			);
			path = Date;
			sourceTree = "<group>";
		};
		049DB3DC2578CE1A004408EF /* Button */ = {
			isa = PBXGroup;
			children = (
				049DB3DD2578CE1A004408EF /* LNButton.swift */,
			);
			path = Button;
			sourceTree = "<group>";
		};
		049DB3E82578CE24004408EF /* Color */ = {
			isa = PBXGroup;
			children = (
				049DB3E32578CE22004408EF /* LNColorTools.swift */,
			);
			path = Color;
			sourceTree = "<group>";
		};
		049DB4002578CF88004408EF /* views */ = {
			isa = PBXGroup;
			children = (
			);
			path = views;
			sourceTree = "<group>";
		};
		049DB4012578CF95004408EF /* models */ = {
			isa = PBXGroup;
			children = (
				049DB4032578CFB7004408EF /* LResponseModel.swift */,
			);
			path = models;
			sourceTree = "<group>";
		};
		049DB4022578CF9A004408EF /* controllers */ = {
			isa = PBXGroup;
			children = (
				049DB3622578CA82004408EF /* ViewController.swift */,
				049DB4082578CFD7004408EF /* LNCarDetailViewController.swift */,
			);
			path = controllers;
			sourceTree = "<group>";
		};
		21C8D4DAF43975150092B517 /* Frameworks */ = {
			isa = PBXGroup;
			children = (
				11F12DA5A3A66B6A1A685855 /* Pods_Carro.framework */,
				E3DA2A84837D3C4816C095AD /* Pods_Carro_CarroUITests.framework */,
				670CFB9A50F9B53999805057 /* Pods_CarroTests.framework */,
			);
			name = Frameworks;
			sourceTree = "<group>";
		};
		714E3B81876B484A7B0BA783 /* Pods */ = {
			isa = PBXGroup;
			children = (
				906628AD0CD3A5B2AEF7E833 /* Pods-Carro.debug.xcconfig */,
				24B9E41DA4EABE5602F6ABEA /* Pods-Carro.release.xcconfig */,
				2ABB1FE7335FF5522DDC2D27 /* Pods-Carro-CarroUITests.debug.xcconfig */,
				4DF2A119871C43E96B7DE1F2 /* Pods-Carro-CarroUITests.release.xcconfig */,
				4F175D861005A1B57A007E33 /* Pods-CarroTests.debug.xcconfig */,
				2A4AEC48F76C3FBC6CE04460 /* Pods-CarroTests.release.xcconfig */,
			);
			path = Pods;
			sourceTree = "<group>";
		};
/* End PBXGroup section */

/* Begin PBXNativeTarget section */
		049DB35A2578CA82004408EF /* Carro */ = {
			isa = PBXNativeTarget;
			buildConfigurationList = 049DB3852578CA84004408EF /* Build configuration list for PBXNativeTarget "Carro" */;
			buildPhases = (
				4CC5289F072CEF0B82F7BC4A /* [CP] Check Pods Manifest.lock */,
				049DB3572578CA82004408EF /* Sources */,
				049DB3582578CA82004408EF /* Frameworks */,
				049DB3592578CA82004408EF /* Resources */,
				AB12699BBB0F300825BF6F7B /* [CP] Embed Pods Frameworks */,
			);
			buildRules = (
			);
			dependencies = (
			);
			name = Carro;
			productName = Carro;
			productReference = 049DB35B2578CA82004408EF /* Carro.app */;
			productType = "com.apple.product-type.application";
		};
		049DB3702578CA84004408EF /* CarroTests */ = {
			isa = PBXNativeTarget;
			buildConfigurationList = 049DB3882578CA84004408EF /* Build configuration list for PBXNativeTarget "CarroTests" */;
			buildPhases = (
				B4D2E097B8FB95C6C177243F /* [CP] Check Pods Manifest.lock */,
				049DB36D2578CA84004408EF /* Sources */,
				049DB36E2578CA84004408EF /* Frameworks */,
				049DB36F2578CA84004408EF /* Resources */,
			);
			buildRules = (
			);
			dependencies = (
				049DB3732578CA84004408EF /* PBXTargetDependency */,
			);
			name = CarroTests;
			productName = CarroTests;
			productReference = 049DB3712578CA84004408EF /* CarroTests.xctest */;
			productType = "com.apple.product-type.bundle.unit-test";
		};
		049DB37B2578CA84004408EF /* CarroUITests */ = {
			isa = PBXNativeTarget;
			buildConfigurationList = 049DB38B2578CA84004408EF /* Build configuration list for PBXNativeTarget "CarroUITests" */;
			buildPhases = (
				8282A503384CE67AEF5C0F5F /* [CP] Check Pods Manifest.lock */,
				049DB3782578CA84004408EF /* Sources */,
				049DB3792578CA84004408EF /* Frameworks */,
				049DB37A2578CA84004408EF /* Resources */,
				F125C88243546E41FB5B80F5 /* [CP] Embed Pods Frameworks */,
			);
			buildRules = (
			);
			dependencies = (
				049DB37E2578CA84004408EF /* PBXTargetDependency */,
			);
			name = CarroUITests;
			productName = CarroUITests;
			productReference = 049DB37C2578CA84004408EF /* CarroUITests.xctest */;
			productType = "com.apple.product-type.bundle.ui-testing";
		};
/* End PBXNativeTarget section */

/* Begin PBXProject section */
		049DB3532578CA81004408EF /* Project object */ = {
			isa = PBXProject;
			attributes = {
				LastSwiftUpdateCheck = 1220;
				LastUpgradeCheck = 1220;
				TargetAttributes = {
					049DB35A2578CA82004408EF = {
						CreatedOnToolsVersion = 12.2;
					};
					049DB3702578CA84004408EF = {
						CreatedOnToolsVersion = 12.2;
						TestTargetID = 049DB35A2578CA82004408EF;
					};
					049DB37B2578CA84004408EF = {
						CreatedOnToolsVersion = 12.2;
						TestTargetID = 049DB35A2578CA82004408EF;
					};
				};
			};
			buildConfigurationList = 049DB3562578CA81004408EF /* Build configuration list for PBXProject "Carro" */;
			compatibilityVersion = "Xcode 9.3";
			developmentRegion = en;
			hasScannedForEncodings = 0;
			knownRegions = (
				en,
				Base,
			);
			mainGroup = 049DB3522578CA81004408EF;
			productRefGroup = 049DB35C2578CA82004408EF /* Products */;
			projectDirPath = "";
			projectRoot = "";
			targets = (
				049DB35A2578CA82004408EF /* Carro */,
				049DB3702578CA84004408EF /* CarroTests */,
				049DB37B2578CA84004408EF /* CarroUITests */,
			);
		};
/* End PBXProject section */

/* Begin PBXResourcesBuildPhase section */
		049DB3592578CA82004408EF /* Resources */ = {
			isa = PBXResourcesBuildPhase;
			buildActionMask = 2147483647;
			files = (
				049DB3BA2578CD8E004408EF /* Main.storyboard in Resources */,
				049DB3B82578CD8E004408EF /* Assets.xcassets in Resources */,
				049DB3B92578CD8E004408EF /* LaunchScreen.storyboard in Resources */,
				049DB3C42578CDE7004408EF /* resourceData.json in Resources */,
			);
			runOnlyForDeploymentPostprocessing = 0;
		};
		049DB36F2578CA84004408EF /* Resources */ = {
			isa = PBXResourcesBuildPhase;
			buildActionMask = 2147483647;
			files = (
			);
			runOnlyForDeploymentPostprocessing = 0;
		};
		049DB37A2578CA84004408EF /* Resources */ = {
			isa = PBXResourcesBuildPhase;
			buildActionMask = 2147483647;
			files = (
			);
			runOnlyForDeploymentPostprocessing = 0;
		};
/* End PBXResourcesBuildPhase section */

/* Begin PBXShellScriptBuildPhase section */
		4CC5289F072CEF0B82F7BC4A /* [CP] Check Pods Manifest.lock */ = {
			isa = PBXShellScriptBuildPhase;
			buildActionMask = 2147483647;
			files = (
			);
			inputFileListPaths = (
			);
			inputPaths = (
				"${PODS_PODFILE_DIR_PATH}/Podfile.lock",
				"${PODS_ROOT}/Manifest.lock",
			);
			name = "[CP] Check Pods Manifest.lock";
			outputFileListPaths = (
			);
			outputPaths = (
				"$(DERIVED_FILE_DIR)/Pods-Carro-checkManifestLockResult.txt",
			);
			runOnlyForDeploymentPostprocessing = 0;
			shellPath = /bin/sh;
			shellScript = "diff \"${PODS_PODFILE_DIR_PATH}/Podfile.lock\" \"${PODS_ROOT}/Manifest.lock\" > /dev/null\nif [ $? != 0 ] ; then\n    # print error to STDERR\n    echo \"error: The sandbox is not in sync with the Podfile.lock. Run 'pod install' or update your CocoaPods installation.\" >&2\n    exit 1\nfi\n# This output is used by Xcode 'outputs' to avoid re-running this script phase.\necho \"SUCCESS\" > \"${SCRIPT_OUTPUT_FILE_0}\"\n";
			showEnvVarsInLog = 0;
		};
		8282A503384CE67AEF5C0F5F /* [CP] Check Pods Manifest.lock */ = {
			isa = PBXShellScriptBuildPhase;
			buildActionMask = 2147483647;
			files = (
			);
			inputFileListPaths = (
			);
			inputPaths = (
				"${PODS_PODFILE_DIR_PATH}/Podfile.lock",
				"${PODS_ROOT}/Manifest.lock",
			);
			name = "[CP] Check Pods Manifest.lock";
			outputFileListPaths = (
			);
			outputPaths = (
				"$(DERIVED_FILE_DIR)/Pods-Carro-CarroUITests-checkManifestLockResult.txt",
			);
			runOnlyForDeploymentPostprocessing = 0;
			shellPath = /bin/sh;
			shellScript = "diff \"${PODS_PODFILE_DIR_PATH}/Podfile.lock\" \"${PODS_ROOT}/Manifest.lock\" > /dev/null\nif [ $? != 0 ] ; then\n    # print error to STDERR\n    echo \"error: The sandbox is not in sync with the Podfile.lock. Run 'pod install' or update your CocoaPods installation.\" >&2\n    exit 1\nfi\n# This output is used by Xcode 'outputs' to avoid re-running this script phase.\necho \"SUCCESS\" > \"${SCRIPT_OUTPUT_FILE_0}\"\n";
			showEnvVarsInLog = 0;
		};
		AB12699BBB0F300825BF6F7B /* [CP] Embed Pods Frameworks */ = {
			isa = PBXShellScriptBuildPhase;
			buildActionMask = 2147483647;
			files = (
			);
			inputFileListPaths = (
				"${PODS_ROOT}/Target Support Files/Pods-Carro/Pods-Carro-frameworks-${CONFIGURATION}-input-files.xcfilelist",
			);
			name = "[CP] Embed Pods Frameworks";
			outputFileListPaths = (
				"${PODS_ROOT}/Target Support Files/Pods-Carro/Pods-Carro-frameworks-${CONFIGURATION}-output-files.xcfilelist",
			);
			runOnlyForDeploymentPostprocessing = 0;
			shellPath = /bin/sh;
			shellScript = "\"${PODS_ROOT}/Target Support Files/Pods-Carro/Pods-Carro-frameworks.sh\"\n";
			showEnvVarsInLog = 0;
		};
		B4D2E097B8FB95C6C177243F /* [CP] Check Pods Manifest.lock */ = {
			isa = PBXShellScriptBuildPhase;
			buildActionMask = 2147483647;
			files = (
			);
			inputFileListPaths = (
			);
			inputPaths = (
				"${PODS_PODFILE_DIR_PATH}/Podfile.lock",
				"${PODS_ROOT}/Manifest.lock",
			);
			name = "[CP] Check Pods Manifest.lock";
			outputFileListPaths = (
			);
			outputPaths = (
				"$(DERIVED_FILE_DIR)/Pods-CarroTests-checkManifestLockResult.txt",
			);
			runOnlyForDeploymentPostprocessing = 0;
			shellPath = /bin/sh;
			shellScript = "diff \"${PODS_PODFILE_DIR_PATH}/Podfile.lock\" \"${PODS_ROOT}/Manifest.lock\" > /dev/null\nif [ $? != 0 ] ; then\n    # print error to STDERR\n    echo \"error: The sandbox is not in sync with the Podfile.lock. Run 'pod install' or update your CocoaPods installation.\" >&2\n    exit 1\nfi\n# This output is used by Xcode 'outputs' to avoid re-running this script phase.\necho \"SUCCESS\" > \"${SCRIPT_OUTPUT_FILE_0}\"\n";
			showEnvVarsInLog = 0;
		};
		F125C88243546E41FB5B80F5 /* [CP] Embed Pods Frameworks */ = {
			isa = PBXShellScriptBuildPhase;
			buildActionMask = 2147483647;
			files = (
			);
			inputFileListPaths = (
				"${PODS_ROOT}/Target Support Files/Pods-Carro-CarroUITests/Pods-Carro-CarroUITests-frameworks-${CONFIGURATION}-input-files.xcfilelist",
			);
			name = "[CP] Embed Pods Frameworks";
			outputFileListPaths = (
				"${PODS_ROOT}/Target Support Files/Pods-Carro-CarroUITests/Pods-Carro-CarroUITests-frameworks-${CONFIGURATION}-output-files.xcfilelist",
			);
			runOnlyForDeploymentPostprocessing = 0;
			shellPath = /bin/sh;
			shellScript = "\"${PODS_ROOT}/Target Support Files/Pods-Carro-CarroUITests/Pods-Carro-CarroUITests-frameworks.sh\"\n";
			showEnvVarsInLog = 0;
		};
/* End PBXShellScriptBuildPhase section */

/* Begin PBXSourcesBuildPhase section */
		049DB3572578CA82004408EF /* Sources */ = {
			isa = PBXSourcesBuildPhase;
			buildActionMask = 2147483647;
			files = (
				049DB4092578CFD7004408EF /* LNCarDetailViewController.swift in Sources */,
				049DB3632578CA82004408EF /* ViewController.swift in Sources */,
				049DB4042578CFB7004408EF /* LResponseModel.swift in Sources */,
				049DB3D12578CDFC004408EF /* LNBubbleViewController.swift in Sources */,
				049DB40E2578CFF0004408EF /* AppTools.swift in Sources */,
				049DB3DE2578CE1A004408EF /* LNDateTools.swift in Sources */,
				049DB3E42578CE22004408EF /* LNColorTools.swift in Sources */,
				049DB3FC2578CF6F004408EF /* LNBaseModel.swift in Sources */,
				049DB3FB2578CF6F004408EF /* LNBaseViewController.swift in Sources */,
				049DB3D62578CE03004408EF /* Target.swift in Sources */,
				049DB3FA2578CF6F004408EF /* LNNavigationController.swift in Sources */,
				049DB35F2578CA82004408EF /* AppDelegate.swift in Sources */,
				049DB3DF2578CE1A004408EF /* LNButton.swift in Sources */,
			);
			runOnlyForDeploymentPostprocessing = 0;
		};
		049DB36D2578CA84004408EF /* Sources */ = {
			isa = PBXSourcesBuildPhase;
			buildActionMask = 2147483647;
			files = (
				049DB3762578CA84004408EF /* CarroTests.swift in Sources */,
			);
			runOnlyForDeploymentPostprocessing = 0;
		};
		049DB3782578CA84004408EF /* Sources */ = {
			isa = PBXSourcesBuildPhase;
			buildActionMask = 2147483647;
			files = (
				049DB3812578CA84004408EF /* CarroUITests.swift in Sources */,
			);
			runOnlyForDeploymentPostprocessing = 0;
		};
/* End PBXSourcesBuildPhase section */

/* Begin PBXTargetDependency section */
		049DB3732578CA84004408EF /* PBXTargetDependency */ = {
			isa = PBXTargetDependency;
			target = 049DB35A2578CA82004408EF /* Carro */;
			targetProxy = 049DB3722578CA84004408EF /* PBXContainerItemProxy */;
		};
		049DB37E2578CA84004408EF /* PBXTargetDependency */ = {
			isa = PBXTargetDependency;
			target = 049DB35A2578CA82004408EF /* Carro */;
			targetProxy = 049DB37D2578CA84004408EF /* PBXContainerItemProxy */;
		};
/* End PBXTargetDependency section */

/* Begin PBXVariantGroup section */
		049DB3B42578CD8E004408EF /* LaunchScreen.storyboard */ = {
			isa = PBXVariantGroup;
			children = (
				049DB3B52578CD8E004408EF /* Base */,
			);
			name = LaunchScreen.storyboard;
			sourceTree = "<group>";
		};
		049DB3B62578CD8E004408EF /* Main.storyboard */ = {
			isa = PBXVariantGroup;
			children = (
				049DB3B72578CD8E004408EF /* Base */,
			);
			name = Main.storyboard;
			sourceTree = "<group>";
		};
/* End PBXVariantGroup section */

/* Begin XCBuildConfiguration section */
		049DB3832578CA84004408EF /* Debug */ = {
			isa = XCBuildConfiguration;
			buildSettings = {
				ALWAYS_SEARCH_USER_PATHS = NO;
				CLANG_ANALYZER_NONNULL = YES;
				CLANG_ANALYZER_NUMBER_OBJECT_CONVERSION = YES_AGGRESSIVE;
				CLANG_CXX_LANGUAGE_STANDARD = "gnu++14";
				CLANG_CXX_LIBRARY = "libc++";
				CLANG_ENABLE_MODULES = YES;
				CLANG_ENABLE_OBJC_ARC = YES;
				CLANG_ENABLE_OBJC_WEAK = YES;
				CLANG_WARN_BLOCK_CAPTURE_AUTORELEASING = YES;
				CLANG_WARN_BOOL_CONVERSION = YES;
				CLANG_WARN_COMMA = YES;
				CLANG_WARN_CONSTANT_CONVERSION = YES;
				CLANG_WARN_DEPRECATED_OBJC_IMPLEMENTATIONS = YES;
				CLANG_WARN_DIRECT_OBJC_ISA_USAGE = YES_ERROR;
				CLANG_WARN_DOCUMENTATION_COMMENTS = YES;
				CLANG_WARN_EMPTY_BODY = YES;
				CLANG_WARN_ENUM_CONVERSION = YES;
				CLANG_WARN_INFINITE_RECURSION = YES;
				CLANG_WARN_INT_CONVERSION = YES;
				CLANG_WARN_NON_LITERAL_NULL_CONVERSION = YES;
				CLANG_WARN_OBJC_IMPLICIT_RETAIN_SELF = YES;
				CLANG_WARN_OBJC_LITERAL_CONVERSION = YES;
				CLANG_WARN_OBJC_ROOT_CLASS = YES_ERROR;
				CLANG_WARN_QUOTED_INCLUDE_IN_FRAMEWORK_HEADER = YES;
				CLANG_WARN_RANGE_LOOP_ANALYSIS = YES;
				CLANG_WARN_STRICT_PROTOTYPES = YES;
				CLANG_WARN_SUSPICIOUS_MOVE = YES;
				CLANG_WARN_UNGUARDED_AVAILABILITY = YES_AGGRESSIVE;
				CLANG_WARN_UNREACHABLE_CODE = YES;
				CLANG_WARN__DUPLICATE_METHOD_MATCH = YES;
				COPY_PHASE_STRIP = NO;
				DEBUG_INFORMATION_FORMAT = dwarf;
				ENABLE_STRICT_OBJC_MSGSEND = YES;
				ENABLE_TESTABILITY = YES;
				GCC_C_LANGUAGE_STANDARD = gnu11;
				GCC_DYNAMIC_NO_PIC = NO;
				GCC_NO_COMMON_BLOCKS = YES;
				GCC_OPTIMIZATION_LEVEL = 0;
				GCC_PREPROCESSOR_DEFINITIONS = (
					"DEBUG=1",
					"$(inherited)",
				);
				GCC_WARN_64_TO_32_BIT_CONVERSION = YES;
				GCC_WARN_ABOUT_RETURN_TYPE = YES_ERROR;
				GCC_WARN_UNDECLARED_SELECTOR = YES;
				GCC_WARN_UNINITIALIZED_AUTOS = YES_AGGRESSIVE;
				GCC_WARN_UNUSED_FUNCTION = YES;
				GCC_WARN_UNUSED_VARIABLE = YES;
				IPHONEOS_DEPLOYMENT_TARGET = 14.2;
				MTL_ENABLE_DEBUG_INFO = INCLUDE_SOURCE;
				MTL_FAST_MATH = YES;
				ONLY_ACTIVE_ARCH = YES;
				SDKROOT = iphoneos;
				SWIFT_ACTIVE_COMPILATION_CONDITIONS = DEBUG;
				SWIFT_OPTIMIZATION_LEVEL = "-Onone";
			};
			name = Debug;
		};
		049DB3842578CA84004408EF /* Release */ = {
			isa = XCBuildConfiguration;
			buildSettings = {
				ALWAYS_SEARCH_USER_PATHS = NO;
				CLANG_ANALYZER_NONNULL = YES;
				CLANG_ANALYZER_NUMBER_OBJECT_CONVERSION = YES_AGGRESSIVE;
				CLANG_CXX_LANGUAGE_STANDARD = "gnu++14";
				CLANG_CXX_LIBRARY = "libc++";
				CLANG_ENABLE_MODULES = YES;
				CLANG_ENABLE_OBJC_ARC = YES;
				CLANG_ENABLE_OBJC_WEAK = YES;
				CLANG_WARN_BLOCK_CAPTURE_AUTORELEASING = YES;
				CLANG_WARN_BOOL_CONVERSION = YES;
				CLANG_WARN_COMMA = YES;
				CLANG_WARN_CONSTANT_CONVERSION = YES;
				CLANG_WARN_DEPRECATED_OBJC_IMPLEMENTATIONS = YES;
				CLANG_WARN_DIRECT_OBJC_ISA_USAGE = YES_ERROR;
				CLANG_WARN_DOCUMENTATION_COMMENTS = YES;
				CLANG_WARN_EMPTY_BODY = YES;
				CLANG_WARN_ENUM_CONVERSION = YES;
				CLANG_WARN_INFINITE_RECURSION = YES;
				CLANG_WARN_INT_CONVERSION = YES;
				CLANG_WARN_NON_LITERAL_NULL_CONVERSION = YES;
				CLANG_WARN_OBJC_IMPLICIT_RETAIN_SELF = YES;
				CLANG_WARN_OBJC_LITERAL_CONVERSION = YES;
				CLANG_WARN_OBJC_ROOT_CLASS = YES_ERROR;
				CLANG_WARN_QUOTED_INCLUDE_IN_FRAMEWORK_HEADER = YES;
				CLANG_WARN_RANGE_LOOP_ANALYSIS = YES;
				CLANG_WARN_STRICT_PROTOTYPES = YES;
				CLANG_WARN_SUSPICIOUS_MOVE = YES;
				CLANG_WARN_UNGUARDED_AVAILABILITY = YES_AGGRESSIVE;
				CLANG_WARN_UNREACHABLE_CODE = YES;
				CLANG_WARN__DUPLICATE_METHOD_MATCH = YES;
				COPY_PHASE_STRIP = NO;
				DEBUG_INFORMATION_FORMAT = "dwarf-with-dsym";
				ENABLE_NS_ASSERTIONS = NO;
				ENABLE_STRICT_OBJC_MSGSEND = YES;
				GCC_C_LANGUAGE_STANDARD = gnu11;
				GCC_NO_COMMON_BLOCKS = YES;
				GCC_WARN_64_TO_32_BIT_CONVERSION = YES;
				GCC_WARN_ABOUT_RETURN_TYPE = YES_ERROR;
				GCC_WARN_UNDECLARED_SELECTOR = YES;
				GCC_WARN_UNINITIALIZED_AUTOS = YES_AGGRESSIVE;
				GCC_WARN_UNUSED_FUNCTION = YES;
				GCC_WARN_UNUSED_VARIABLE = YES;
				IPHONEOS_DEPLOYMENT_TARGET = 14.2;
				MTL_ENABLE_DEBUG_INFO = NO;
				MTL_FAST_MATH = YES;
				SDKROOT = iphoneos;
				SWIFT_COMPILATION_MODE = wholemodule;
				SWIFT_OPTIMIZATION_LEVEL = "-O";
				VALIDATE_PRODUCT = YES;
			};
			name = Release;
		};
		049DB3862578CA84004408EF /* Debug */ = {
			isa = XCBuildConfiguration;
			baseConfigurationReference = 906628AD0CD3A5B2AEF7E833 /* Pods-Carro.debug.xcconfig */;
			buildSettings = {
				ASSETCATALOG_COMPILER_APPICON_NAME = AppIcon;
				ASSETCATALOG_COMPILER_GLOBAL_ACCENT_COLOR_NAME = AccentColor;
				CODE_SIGN_STYLE = Automatic;
				DEVELOPMENT_TEAM = DWKUG2PD45;
				INFOPLIST_FILE = Carro/Info.plist;
				LD_RUNPATH_SEARCH_PATHS = (
					"$(inherited)",
					"@executable_path/Frameworks",
				);
				PRODUCT_BUNDLE_IDENTIFIER = com.fuyaohui.Carro;
				PRODUCT_NAME = "$(TARGET_NAME)";
				SWIFT_VERSION = 5.0;
				TARGETED_DEVICE_FAMILY = "1,2";
			};
			name = Debug;
		};
		049DB3872578CA84004408EF /* Release */ = {
			isa = XCBuildConfiguration;
			baseConfigurationReference = 24B9E41DA4EABE5602F6ABEA /* Pods-Carro.release.xcconfig */;
			buildSettings = {
				ASSETCATALOG_COMPILER_APPICON_NAME = AppIcon;
				ASSETCATALOG_COMPILER_GLOBAL_ACCENT_COLOR_NAME = AccentColor;
				CODE_SIGN_STYLE = Automatic;
				DEVELOPMENT_TEAM = DWKUG2PD45;
				INFOPLIST_FILE = Carro/Info.plist;
				LD_RUNPATH_SEARCH_PATHS = (
					"$(inherited)",
					"@executable_path/Frameworks",
				);
				PRODUCT_BUNDLE_IDENTIFIER = com.fuyaohui.Carro;
				PRODUCT_NAME = "$(TARGET_NAME)";
				SWIFT_VERSION = 5.0;
				TARGETED_DEVICE_FAMILY = "1,2";
			};
			name = Release;
		};
		049DB3892578CA84004408EF /* Debug */ = {
			isa = XCBuildConfiguration;
			baseConfigurationReference = 4F175D861005A1B57A007E33 /* Pods-CarroTests.debug.xcconfig */;
			buildSettings = {
				ALWAYS_EMBED_SWIFT_STANDARD_LIBRARIES = YES;
				BUNDLE_LOADER = "$(TEST_HOST)";
				CODE_SIGN_STYLE = Automatic;
				DEVELOPMENT_TEAM = DWKUG2PD45;
				INFOPLIST_FILE = CarroTests/Info.plist;
				IPHONEOS_DEPLOYMENT_TARGET = 14.2;
				LD_RUNPATH_SEARCH_PATHS = (
					"$(inherited)",
					"@executable_path/Frameworks",
					"@loader_path/Frameworks",
				);
				PRODUCT_BUNDLE_IDENTIFIER = com.fuyaohui.CarroTests;
				PRODUCT_NAME = "$(TARGET_NAME)";
				SWIFT_VERSION = 5.0;
				TARGETED_DEVICE_FAMILY = "1,2";
				TEST_HOST = "$(BUILT_PRODUCTS_DIR)/Carro.app/Carro";
			};
			name = Debug;
		};
		049DB38A2578CA84004408EF /* Release */ = {
			isa = XCBuildConfiguration;
			baseConfigurationReference = 2A4AEC48F76C3FBC6CE04460 /* Pods-CarroTests.release.xcconfig */;
			buildSettings = {
				ALWAYS_EMBED_SWIFT_STANDARD_LIBRARIES = YES;
				BUNDLE_LOADER = "$(TEST_HOST)";
				CODE_SIGN_STYLE = Automatic;
				DEVELOPMENT_TEAM = DWKUG2PD45;
				INFOPLIST_FILE = CarroTests/Info.plist;
				IPHONEOS_DEPLOYMENT_TARGET = 14.2;
				LD_RUNPATH_SEARCH_PATHS = (
					"$(inherited)",
					"@executable_path/Frameworks",
					"@loader_path/Frameworks",
				);
				PRODUCT_BUNDLE_IDENTIFIER = com.fuyaohui.CarroTests;
				PRODUCT_NAME = "$(TARGET_NAME)";
				SWIFT_VERSION = 5.0;
				TARGETED_DEVICE_FAMILY = "1,2";
				TEST_HOST = "$(BUILT_PRODUCTS_DIR)/Carro.app/Carro";
			};
			name = Release;
		};
		049DB38C2578CA84004408EF /* Debug */ = {
			isa = XCBuildConfiguration;
			baseConfigurationReference = 2ABB1FE7335FF5522DDC2D27 /* Pods-Carro-CarroUITests.debug.xcconfig */;
			buildSettings = {
				ALWAYS_EMBED_SWIFT_STANDARD_LIBRARIES = YES;
				CODE_SIGN_STYLE = Automatic;
				DEVELOPMENT_TEAM = DWKUG2PD45;
				INFOPLIST_FILE = CarroUITests/Info.plist;
				LD_RUNPATH_SEARCH_PATHS = (
					"$(inherited)",
					"@executable_path/Frameworks",
					"@loader_path/Frameworks",
				);
				PRODUCT_BUNDLE_IDENTIFIER = com.fuyaohui.CarroUITests;
				PRODUCT_NAME = "$(TARGET_NAME)";
				SWIFT_VERSION = 5.0;
				TARGETED_DEVICE_FAMILY = "1,2";
				TEST_TARGET_NAME = Carro;
			};
			name = Debug;
		};
		049DB38D2578CA84004408EF /* Release */ = {
			isa = XCBuildConfiguration;
			baseConfigurationReference = 4DF2A119871C43E96B7DE1F2 /* Pods-Carro-CarroUITests.release.xcconfig */;
			buildSettings = {
				ALWAYS_EMBED_SWIFT_STANDARD_LIBRARIES = YES;
				CODE_SIGN_STYLE = Automatic;
				DEVELOPMENT_TEAM = DWKUG2PD45;
				INFOPLIST_FILE = CarroUITests/Info.plist;
				LD_RUNPATH_SEARCH_PATHS = (
					"$(inherited)",
					"@executable_path/Frameworks",
					"@loader_path/Frameworks",
				);
				PRODUCT_BUNDLE_IDENTIFIER = com.fuyaohui.CarroUITests;
				PRODUCT_NAME = "$(TARGET_NAME)";
				SWIFT_VERSION = 5.0;
				TARGETED_DEVICE_FAMILY = "1,2";
				TEST_TARGET_NAME = Carro;
			};
			name = Release;
		};
/* End XCBuildConfiguration section */

/* Begin XCConfigurationList section */
		049DB3562578CA81004408EF /* Build configuration list for PBXProject "Carro" */ = {
			isa = XCConfigurationList;
			buildConfigurations = (
				049DB3832578CA84004408EF /* Debug */,
				049DB3842578CA84004408EF /* Release */,
			);
			defaultConfigurationIsVisible = 0;
			defaultConfigurationName = Release;
		};
		049DB3852578CA84004408EF /* Build configuration list for PBXNativeTarget "Carro" */ = {
			isa = XCConfigurationList;
			buildConfigurations = (
				049DB3862578CA84004408EF /* Debug */,
				049DB3872578CA84004408EF /* Release */,
			);
			defaultConfigurationIsVisible = 0;
			defaultConfigurationName = Release;
		};
		049DB3882578CA84004408EF /* Build configuration list for PBXNativeTarget "CarroTests" */ = {
			isa = XCConfigurationList;
			buildConfigurations = (
				049DB3892578CA84004408EF /* Debug */,
				049DB38A2578CA84004408EF /* Release */,
			);
			defaultConfigurationIsVisible = 0;
			defaultConfigurationName = Release;
		};
		049DB38B2578CA84004408EF /* Build configuration list for PBXNativeTarget "CarroUITests" */ = {
			isa = XCConfigurationList;
			buildConfigurations = (
				049DB38C2578CA84004408EF /* Debug */,
				049DB38D2578CA84004408EF /* Release */,
			);
			defaultConfigurationIsVisible = 0;
			defaultConfigurationName = Release;
		};
/* End XCConfigurationList section */
	};
	rootObject = 049DB3532578CA81004408EF /* Project object */;
}
